
Microsoft Visual Studio Solution File, Format Version 12.00
# Visual Studio Version 17
VisualStudioVersion = 17.8.34330.188
MinimumVisualStudioVersion = 10.0.40219.1
Project("{FAE04EC0-301F-11D3-BF4B-00C04F79EFBC}") = "TaskStartIn", "TaskStartIn\TaskStartIn.csproj", "{3FF76820-5F4B-4E79-BF12-1C8212C9564F}"
EndProject
Project("{9A19103F-16F7-4668-BE54-9A1E7A4F7556}") = "WaitProcesses", "WaitProcesses\WaitProcesses.csproj", "{42E4C569-8394-46C9-B3CC-60DDED171F6F}"
EndProject
Project("{9A19103F-16F7-4668-BE54-9A1E7A4F7556}") = "Algorithems", "Algorithems\Algorithems.csproj", "{D8593A2D-6DF8-408F-9FAF-4E7961254441}"
EndProject
Project("{FAE04EC0-301F-11D3-BF4B-00C04F79EFBC}") = "OOPSDemo", "OOPSDemo\OOPSDemo.csproj", "{50B26006-71FF-4462-84D6-7F6990E5F0E1}"
EndProject
Project("{FAE04EC0-301F-11D3-BF4B-00C04F79EFBC}") = "StackDemo", "StackDemo\StackDemo.csproj", "{A67F1067-B986-4770-BA58-1C1E2B96FF0B}"
EndProject
Global
	GlobalSection(SolutionConfigurationPlatforms) = preSolution
		Debug|Any CPU = Debug|Any CPU
		Release|Any CPU = Release|Any CPU
	EndGlobalSection
	GlobalSection(ProjectConfigurationPlatforms) = postSolution
		{3FF76820-5F4B-4E79-BF12-1C8212C9564F}.Debug|Any CPU.ActiveCfg = Debug|Any CPU
		{3FF76820-5F4B-4E79-BF12-1C8212C9564F}.Debug|Any CPU.Build.0 = Debug|Any CPU
		{3FF76820-5F4B-4E79-BF12-1C8212C9564F}.Release|Any CPU.ActiveCfg = Release|Any CPU
		{3FF76820-5F4B-4E79-BF12-1C8212C9564F}.Release|Any CPU.Build.0 = Release|Any CPU
		{42E4C569-8394-46C9-B3CC-60DDED171F6F}.Debug|Any CPU.ActiveCfg = Debug|Any CPU
		{42E4C569-8394-46C9-B3CC-60DDED171F6F}.Debug|Any CPU.Build.0 = Debug|Any CPU
		{42E4C569-8394-46C9-B3CC-60DDED171F6F}.Release|Any CPU.ActiveCfg = Release|Any CPU
		{42E4C569-8394-46C9-B3CC-60DDED171F6F}.Release|Any CPU.Build.0 = Release|Any CPU
		{D8593A2D-6DF8-408F-9FAF-4E7961254441}.Debug|Any CPU.ActiveCfg = Debug|Any CPU
		{D8593A2D-6DF8-408F-9FAF-4E7961254441}.Debug|Any CPU.Build.0 = Debug|Any CPU
		{D8593A2D-6DF8-408F-9FAF-4E7961254441}.Release|Any CPU.ActiveCfg = Release|Any CPU
		{D8593A2D-6DF8-408F-9FAF-4E7961254441}.Release|Any CPU.Build.0 = Release|Any CPU
		{50B26006-71FF-4462-84D6-7F6990E5F0E1}.Debug|Any CPU.ActiveCfg = Debug|Any CPU
		{50B26006-71FF-4462-84D6-7F6990E5F0E1}.Debug|Any CPU.Build.0 = Debug|Any CPU
		{50B26006-71FF-4462-84D6-7F6990E5F0E1}.Release|Any CPU.ActiveCfg = Release|Any CPU
		{50B26006-71FF-4462-84D6-7F6990E5F0E1}.Release|Any CPU.Build.0 = Release|Any CPU
		{A67F1067-B986-4770-BA58-1C1E2B96FF0B}.Debug|Any CPU.ActiveCfg = Debug|Any CPU
		{A67F1067-B986-4770-BA58-1C1E2B96FF0B}.Debug|Any CPU.Build.0 = Debug|Any CPU
		{A67F1067-B986-4770-BA58-1C1E2B96FF0B}.Release|Any CPU.ActiveCfg = Release|Any CPU
		{A67F1067-B986-4770-BA58-1C1E2B96FF0B}.Release|Any CPU.Build.0 = Release|Any CPU
	EndGlobalSection
	GlobalSection(SolutionProperties) = preSolution
		HideSolutionNode = FALSE
	EndGlobalSection
	GlobalSection(ExtensibilityGlobals) = postSolution
		SolutionGuid = {9DC81018-C03D-458B-957C-065F5629910C}
	EndGlobalSection
EndGlobal
